{
  "name": "npm-install-public",
  "version": "1.0.0",
  "lockfileVersion": 3,
  "requires": true,
  "packages": {
    "": {
      "name": "npm-install-public",
      "version": "1.0.0",
      "license": "ISC",
      "dependencies": {
        "@hufe921/canvas-editor": "^0.9.41",
        "three": "^0.155.0"
      }
    },
    "node_modules/@hufe921/canvas-editor": {
      "version": "0.9.41",
      "resolved": "https://registry.npmjs.org/@hufe921/canvas-editor/-/canvas-editor-0.9.41.tgz",
      "integrity": "sha512-HK/XqJZv8ON78L0Ckadd9MSg8pYtGTpwcspAGKFlVJ8nDul3jNeKL+rTibbtFIV2wd5YSPx4w2wEqnSMbpqHbg==",
      "engines": {
        "node": ">=12.0.0"
      }
    },
    "node_modules/three": {
      "version": "0.155.0",
      "resolved": "https://registry.npmjs.org/three/-/three-0.155.0.tgz",
      "integrity": "sha512-sNgCYmDijnIqkD/bMfk+1pHg3YzsxW7V2ChpuP6HCQ8NiZr3RufsXQr8M3SSUMjW4hG+sUk7YbyuY0DncaDTJQ=="
    }
  }
}
